
Microsoft Visual Studio Solution File, Format Version 12.00
# Visual Studio Version 16
VisualStudioVersion = 16.0.31729.503
MinimumVisualStudioVersion = 10.0.40219.1
Project("{FAE04EC0-301F-11D3-BF4B-00C04F79EFBC}") = "MVCRestApi", "MVCRestApi\MVCRestApi.csproj", "{4A7BAAF6-3E69-41FC-8FC0-CAD85DB8D46C}"
EndProject
Project("{FAE04EC0-301F-11D3-BF4B-00C04F79EFBC}") = "MVCCrud", "MVCCrud\MVCCrud.csproj", "{40626D10-4515-429E-8458-67ABD1CAB11A}"
EndProject
Global
	GlobalSection(SolutionConfigurationPlatforms) = preSolution
		Debug|Any CPU = Debug|Any CPU
		Release|Any CPU = Release|Any CPU
	EndGlobalSection
	GlobalSection(ProjectConfigurationPlatforms) = postSolution
		{4A7BAAF6-3E69-41FC-8FC0-CAD85DB8D46C}.Debug|Any CPU.ActiveCfg = Debug|Any CPU
		{4A7BAAF6-3E69-41FC-8FC0-CAD85DB8D46C}.Debug|Any CPU.Build.0 = Debug|Any CPU
		{4A7BAAF6-3E69-41FC-8FC0-CAD85DB8D46C}.Release|Any CPU.ActiveCfg = Release|Any CPU
		{4A7BAAF6-3E69-41FC-8FC0-CAD85DB8D46C}.Release|Any CPU.Build.0 = Release|Any CPU
		{40626D10-4515-429E-8458-67ABD1CAB11A}.Debug|Any CPU.ActiveCfg = Debug|Any CPU
		{40626D10-4515-429E-8458-67ABD1CAB11A}.Debug|Any CPU.Build.0 = Debug|Any CPU
		{40626D10-4515-429E-8458-67ABD1CAB11A}.Release|Any CPU.ActiveCfg = Release|Any CPU
		{40626D10-4515-429E-8458-67ABD1CAB11A}.Release|Any CPU.Build.0 = Release|Any CPU
	EndGlobalSection
	GlobalSection(SolutionProperties) = preSolution
		HideSolutionNode = FALSE
	EndGlobalSection
	GlobalSection(ExtensibilityGlobals) = postSolution
		SolutionGuid = {236DF42A-3E3F-42CC-960B-97742A5AC7CE}
	EndGlobalSection
EndGlobal
